
Microsoft Visual Studio Solution File, Format Version 12.00
# Visual Studio Version 17
VisualStudioVersion = 17.10.35027.167
MinimumVisualStudioVersion = 10.0.40219.1
Project("{FAE04EC0-301F-11D3-BF4B-00C04F79EFBC}") = "ActivityFinderApp", "ActivityFinderApp.csproj", "{DC91962F-AD91-47C3-8811-7D97CD1F6F4E}"
EndProject
Global
	GlobalSection(SolutionConfigurationPlatforms) = preSolution
		Debug|Any CPU = Debug|Any CPU
		Release|Any CPU = Release|Any CPU
	EndGlobalSection
	GlobalSection(ProjectConfigurationPlatforms) = postSolution
		{DC91962F-AD91-47C3-8811-7D97CD1F6F4E}.Debug|Any CPU.ActiveCfg = Debug|Any CPU
		{DC91962F-AD91-47C3-8811-7D97CD1F6F4E}.Debug|Any CPU.Build.0 = Debug|Any CPU
		{DC91962F-AD91-47C3-8811-7D97CD1F6F4E}.Release|Any CPU.ActiveCfg = Release|Any CPU
		{DC91962F-AD91-47C3-8811-7D97CD1F6F4E}.Release|Any CPU.Build.0 = Release|Any CPU
	EndGlobalSection
	GlobalSection(SolutionProperties) = preSolution
		HideSolutionNode = FALSE
	EndGlobalSection
	GlobalSection(ExtensibilityGlobals) = postSolution
		SolutionGuid = {D2FE2EB7-8699-4D57-A61D-5665C6346559}
	EndGlobalSection
EndGlobal
